# This file is automatically @generated by Cargo.
# It is not intended for manual editing.
version = 3

[[package]]
name = "silta-core"
version = "0.1.0"

[[package]]
name = "silta-http"
version = "0.1.0"
dependencies = [
 "silta-core",
]

[[package]]
name = "silta-router"
version = "0.1.0"
dependencies = [
 "silta-core",
]

[[package]]
name = "silta-runtime"
version = "0.1.0"
dependencies = [
 "silta-core",
 "silta-router",
]
